// !$*UTF8*$!
{
	archiveVersion = 1;
	classes = {
	};
	objectVersion = 56;
	objects = {

/* Begin PBXBuildFile section */
		785CCDA629A7348200137015 /* async_http_client_exampleApp.swift in Sources */ = {isa = PBXBuildFile; fileRef = 785CCDA529A7348200137015 /* async_http_client_exampleApp.swift */; };
		785CCDAA29A7348200137015 /* Assets.xcassets in Resources */ = {isa = PBXBuildFile; fileRef = 785CCDA929A7348200137015 /* Assets.xcassets */; };
		785CCDAD29A7348200137015 /* Preview Assets.xcassets in Resources */ = {isa = PBXBuildFile; fileRef = 785CCDAC29A7348200137015 /* Preview Assets.xcassets */; };
		785CCDB529A7350100137015 /* async-http-client in Frameworks */ = {isa = PBXBuildFile; productRef = 785CCDB429A7350100137015 /* async-http-client */; };
		785CCDB929A7352800137015 /* ContentView.swift in Sources */ = {isa = PBXBuildFile; fileRef = 785CCDB629A7352800137015 /* ContentView.swift */; };
		785CCDBA29A7352800137015 /* TaskDelegate.swift in Sources */ = {isa = PBXBuildFile; fileRef = 785CCDB729A7352800137015 /* TaskDelegate.swift */; };
		785CCDBB29A7352800137015 /* ViewModel.swift in Sources */ = {isa = PBXBuildFile; fileRef = 785CCDB829A7352800137015 /* ViewModel.swift */; };
		785CCDBE29A735C900137015 /* README.md in Resources */ = {isa = PBXBuildFile; fileRef = 785CCDBD29A735C900137015 /* README.md */; };
		785CCDC329A736D500137015 /* image11.gif in Resources */ = {isa = PBXBuildFile; fileRef = 785CCDC229A736D500137015 /* image11.gif */; };
/* End PBXBuildFile section */

/* Begin PBXFileReference section */
		785CCDA229A7348200137015 /* async-http-client-example.app */ = {isa = PBXFileReference; explicitFileType = wrapper.application; includeInIndex = 0; path = "async-http-client-example.app"; sourceTree = BUILT_PRODUCTS_DIR; };
		785CCDA529A7348200137015 /* async_http_client_exampleApp.swift */ = {isa = PBXFileReference; lastKnownFileType = sourcecode.swift; path = async_http_client_exampleApp.swift; sourceTree = "<group>"; };
		785CCDA929A7348200137015 /* Assets.xcassets */ = {isa = PBXFileReference; lastKnownFileType = folder.assetcatalog; path = Assets.xcassets; sourceTree = "<group>"; };
		785CCDAC29A7348200137015 /* Preview Assets.xcassets */ = {isa = PBXFileReference; lastKnownFileType = folder.assetcatalog; path = "Preview Assets.xcassets"; sourceTree = "<group>"; };
		785CCDB629A7352800137015 /* ContentView.swift */ = {isa = PBXFileReference; fileEncoding = 4; lastKnownFileType = sourcecode.swift; path = ContentView.swift; sourceTree = "<group>"; };
		785CCDB729A7352800137015 /* TaskDelegate.swift */ = {isa = PBXFileReference; fileEncoding = 4; lastKnownFileType = sourcecode.swift; path = TaskDelegate.swift; sourceTree = "<group>"; };
		785CCDB829A7352800137015 /* ViewModel.swift */ = {isa = PBXFileReference; fileEncoding = 4; lastKnownFileType = sourcecode.swift; path = ViewModel.swift; sourceTree = "<group>"; };
		785CCDBC29A7354A00137015 /* Info.plist */ = {isa = PBXFileReference; lastKnownFileType = text.plist; path = Info.plist; sourceTree = "<group>"; };
		785CCDBD29A735C900137015 /* README.md */ = {isa = PBXFileReference; fileEncoding = 4; lastKnownFileType = net.daringfireball.markdown; path = README.md; sourceTree = SOURCE_ROOT; };
		785CCDC229A736D500137015 /* image11.gif */ = {isa = PBXFileReference; lastKnownFileType = image.gif; path = image11.gif; sourceTree = "<group>"; };
/* End PBXFileReference section */

/* Begin PBXFrameworksBuildPhase section */
		785CCD9F29A7348200137015 /* Frameworks */ = {
			isa = PBXFrameworksBuildPhase;
			buildActionMask = 2147483647;
			files = (
				785CCDB529A7350100137015 /* async-http-client in Frameworks */,
			);
			runOnlyForDeploymentPostprocessing = 0;
		};
/* End PBXFrameworksBuildPhase section */

/* Begin PBXGroup section */
		785CCD9929A7348200137015 = {
			isa = PBXGroup;
			children = (
				785CCDA429A7348200137015 /* async-http-client-example */,
				785CCDA329A7348200137015 /* Products */,
			);
			sourceTree = "<group>";
		};
		785CCDA329A7348200137015 /* Products */ = {
			isa = PBXGroup;
			children = (
				785CCDA229A7348200137015 /* async-http-client-example.app */,
			);
			name = Products;
			sourceTree = "<group>";
		};
		785CCDA429A7348200137015 /* async-http-client-example */ = {
			isa = PBXGroup;
			children = (
				785CCDBF29A7365C00137015 /* img */,
				785CCDBD29A735C900137015 /* README.md */,
				785CCDBC29A7354A00137015 /* Info.plist */,
				785CCDA529A7348200137015 /* async_http_client_exampleApp.swift */,
				785CCDB629A7352800137015 /* ContentView.swift */,
				785CCDB729A7352800137015 /* TaskDelegate.swift */,
				785CCDB829A7352800137015 /* ViewModel.swift */,
				785CCDA929A7348200137015 /* Assets.xcassets */,
				785CCDAB29A7348200137015 /* Preview Content */,
			);
			path = "async-http-client-example";
			sourceTree = "<group>";
		};
		785CCDAB29A7348200137015 /* Preview Content */ = {
			isa = PBXGroup;
			children = (
				785CCDAC29A7348200137015 /* Preview Assets.xcassets */,
			);
			path = "Preview Content";
			sourceTree = "<group>";
		};
		785CCDBF29A7365C00137015 /* img */ = {
			isa = PBXGroup;
			children = (
				785CCDC229A736D500137015 /* image11.gif */,
			);
			path = img;
			sourceTree = "<group>";
		};
/* End PBXGroup section */

/* Begin PBXNativeTarget section */
		785CCDA129A7348200137015 /* async-http-client-example */ = {
			isa = PBXNativeTarget;
			buildConfigurationList = 785CCDB029A7348200137015 /* Build configuration list for PBXNativeTarget "async-http-client-example" */;
			buildPhases = (
				785CCD9E29A7348200137015 /* Sources */,
				785CCD9F29A7348200137015 /* Frameworks */,
				785CCDA029A7348200137015 /* Resources */,
			);
			buildRules = (
			);
			dependencies = (
			);
			name = "async-http-client-example";
			packageProductDependencies = (
				785CCDB429A7350100137015 /* async-http-client */,
			);
			productName = "async-http-client-example";
			productReference = 785CCDA229A7348200137015 /* async-http-client-example.app */;
			productType = "com.apple.product-type.application";
		};
/* End PBXNativeTarget section */

/* Begin PBXProject section */
		785CCD9A29A7348200137015 /* Project object */ = {
			isa = PBXProject;
			attributes = {
				BuildIndependentTargetsInParallel = 1;
				LastSwiftUpdateCheck = 1420;
				LastUpgradeCheck = 1420;
				TargetAttributes = {
					785CCDA129A7348200137015 = {
						CreatedOnToolsVersion = 14.2;
					};
				};
			};
			buildConfigurationList = 785CCD9D29A7348200137015 /* Build configuration list for PBXProject "async-http-client-example" */;
			compatibilityVersion = "Xcode 14.0";
			developmentRegion = en;
			hasScannedForEncodings = 0;
			knownRegions = (
				en,
				Base,
			);
			mainGroup = 785CCD9929A7348200137015;
			packageReferences = (
				785CCDB329A7350100137015 /* XCRemoteSwiftPackageReference "async-http-client" */,
			);
			productRefGroup = 785CCDA329A7348200137015 /* Products */;
			projectDirPath = "";
			projectRoot = "";
			targets = (
				785CCDA129A7348200137015 /* async-http-client-example */,
			);
		};
/* End PBXProject section */

/* Begin PBXResourcesBuildPhase section */
		785CCDA029A7348200137015 /* Resources */ = {
			isa = PBXResourcesBuildPhase;
			buildActionMask = 2147483647;
			files = (
				785CCDC329A736D500137015 /* image11.gif in Resources */,
				785CCDBE29A735C900137015 /* README.md in Resources */,
				785CCDAD29A7348200137015 /* Preview Assets.xcassets in Resources */,
				785CCDAA29A7348200137015 /* Assets.xcassets in Resources */,
			);
			runOnlyForDeploymentPostprocessing = 0;
		};
/* End PBXResourcesBuildPhase section */

/* Begin PBXSourcesBuildPhase section */
		785CCD9E29A7348200137015 /* Sources */ = {
			isa = PBXSourcesBuildPhase;
			buildActionMask = 2147483647;
			files = (
				785CCDB929A7352800137015 /* ContentView.swift in Sources */,
				785CCDBA29A7352800137015 /* TaskDelegate.swift in Sources */,
				785CCDBB29A7352800137015 /* ViewModel.swift in Sources */,
				785CCDA629A7348200137015 /* async_http_client_exampleApp.swift in Sources */,
			);
			runOnlyForDeploymentPostprocessing = 0;
		};
/* End PBXSourcesBuildPhase section */

/* Begin XCBuildConfiguration section */
		785CCDAE29A7348200137015 /* Debug */ = {
			isa = XCBuildConfiguration;
			buildSettings = {
				ALWAYS_SEARCH_USER_PATHS = NO;
				CLANG_ANALYZER_NONNULL = YES;
				CLANG_ANALYZER_NUMBER_OBJECT_CONVERSION = YES_AGGRESSIVE;
				CLANG_CXX_LANGUAGE_STANDARD = "gnu++20";
				CLANG_ENABLE_MODULES = YES;
				CLANG_ENABLE_OBJC_ARC = YES;
				CLANG_ENABLE_OBJC_WEAK = YES;
				CLANG_WARN_BLOCK_CAPTURE_AUTORELEASING = YES;
				CLANG_WARN_BOOL_CONVERSION = YES;
				CLANG_WARN_COMMA = YES;
				CLANG_WARN_CONSTANT_CONVERSION = YES;
				CLANG_WARN_DEPRECATED_OBJC_IMPLEMENTATIONS = YES;
				CLANG_WARN_DIRECT_OBJC_ISA_USAGE = YES_ERROR;
				CLANG_WARN_DOCUMENTATION_COMMENTS = YES;
				CLANG_WARN_EMPTY_BODY = YES;
				CLANG_WARN_ENUM_CONVERSION = YES;
				CLANG_WARN_INFINITE_RECURSION = YES;
				CLANG_WARN_INT_CONVERSION = YES;
				CLANG_WARN_NON_LITERAL_NULL_CONVERSION = YES;
				CLANG_WARN_OBJC_IMPLICIT_RETAIN_SELF = YES;
				CLANG_WARN_OBJC_LITERAL_CONVERSION = YES;
				CLANG_WARN_OBJC_ROOT_CLASS = YES_ERROR;
				CLANG_WARN_QUOTED_INCLUDE_IN_FRAMEWORK_HEADER = YES;
				CLANG_WARN_RANGE_LOOP_ANALYSIS = YES;
				CLANG_WARN_STRICT_PROTOTYPES = YES;
				CLANG_WARN_SUSPICIOUS_MOVE = YES;
				CLANG_WARN_UNGUARDED_AVAILABILITY = YES_AGGRESSIVE;
				CLANG_WARN_UNREACHABLE_CODE = YES;
				CLANG_WARN__DUPLICATE_METHOD_MATCH = YES;
				COPY_PHASE_STRIP = NO;
				DEBUG_INFORMATION_FORMAT = dwarf;
				ENABLE_STRICT_OBJC_MSGSEND = YES;
				ENABLE_TESTABILITY = YES;
				GCC_C_LANGUAGE_STANDARD = gnu11;
				GCC_DYNAMIC_NO_PIC = NO;
				GCC_NO_COMMON_BLOCKS = YES;
				GCC_OPTIMIZATION_LEVEL = 0;
				GCC_PREPROCESSOR_DEFINITIONS = (
					"DEBUG=1",
					"$(inherited)",
				);
				GCC_WARN_64_TO_32_BIT_CONVERSION = YES;
				GCC_WARN_ABOUT_RETURN_TYPE = YES_ERROR;
				GCC_WARN_UNDECLARED_SELECTOR = YES;
				GCC_WARN_UNINITIALIZED_AUTOS = YES_AGGRESSIVE;
				GCC_WARN_UNUSED_FUNCTION = YES;
				GCC_WARN_UNUSED_VARIABLE = YES;
				IPHONEOS_DEPLOYMENT_TARGET = 16.2;
				MTL_ENABLE_DEBUG_INFO = INCLUDE_SOURCE;
				MTL_FAST_MATH = YES;
				ONLY_ACTIVE_ARCH = YES;
				SDKROOT = iphoneos;
				SWIFT_ACTIVE_COMPILATION_CONDITIONS = DEBUG;
				SWIFT_OPTIMIZATION_LEVEL = "-Onone";
			};
			name = Debug;
		};
		785CCDAF29A7348200137015 /* Release */ = {
			isa = XCBuildConfiguration;
			buildSettings = {
				ALWAYS_SEARCH_USER_PATHS = NO;
				CLANG_ANALYZER_NONNULL = YES;
				CLANG_ANALYZER_NUMBER_OBJECT_CONVERSION = YES_AGGRESSIVE;
				CLANG_CXX_LANGUAGE_STANDARD = "gnu++20";
				CLANG_ENABLE_MODULES = YES;
				CLANG_ENABLE_OBJC_ARC = YES;
				CLANG_ENABLE_OBJC_WEAK = YES;
				CLANG_WARN_BLOCK_CAPTURE_AUTORELEASING = YES;
				CLANG_WARN_BOOL_CONVERSION = YES;
				CLANG_WARN_COMMA = YES;
				CLANG_WARN_CONSTANT_CONVERSION = YES;
				CLANG_WARN_DEPRECATED_OBJC_IMPLEMENTATIONS = YES;
				CLANG_WARN_DIRECT_OBJC_ISA_USAGE = YES_ERROR;
				CLANG_WARN_DOCUMENTATION_COMMENTS = YES;
				CLANG_WARN_EMPTY_BODY = YES;
				CLANG_WARN_ENUM_CONVERSION = YES;
				CLANG_WARN_INFINITE_RECURSION = YES;
				CLANG_WARN_INT_CONVERSION = YES;
				CLANG_WARN_NON_LITERAL_NULL_CONVERSION = YES;
				CLANG_WARN_OBJC_IMPLICIT_RETAIN_SELF = YES;
				CLANG_WARN_OBJC_LITERAL_CONVERSION = YES;
				CLANG_WARN_OBJC_ROOT_CLASS = YES_ERROR;
				CLANG_WARN_QUOTED_INCLUDE_IN_FRAMEWORK_HEADER = YES;
				CLANG_WARN_RANGE_LOOP_ANALYSIS = YES;
				CLANG_WARN_STRICT_PROTOTYPES = YES;
				CLANG_WARN_SUSPICIOUS_MOVE = YES;
				CLANG_WARN_UNGUARDED_AVAILABILITY = YES_AGGRESSIVE;
				CLANG_WARN_UNREACHABLE_CODE = YES;
				CLANG_WARN__DUPLICATE_METHOD_MATCH = YES;
				COPY_PHASE_STRIP = NO;
				DEBUG_INFORMATION_FORMAT = "dwarf-with-dsym";
				ENABLE_NS_ASSERTIONS = NO;
				ENABLE_STRICT_OBJC_MSGSEND = YES;
				GCC_C_LANGUAGE_STANDARD = gnu11;
				GCC_NO_COMMON_BLOCKS = YES;
				GCC_WARN_64_TO_32_BIT_CONVERSION = YES;
				GCC_WARN_ABOUT_RETURN_TYPE = YES_ERROR;
				GCC_WARN_UNDECLARED_SELECTOR = YES;
				GCC_WARN_UNINITIALIZED_AUTOS = YES_AGGRESSIVE;
				GCC_WARN_UNUSED_FUNCTION = YES;
				GCC_WARN_UNUSED_VARIABLE = YES;
				IPHONEOS_DEPLOYMENT_TARGET = 16.2;
				MTL_ENABLE_DEBUG_INFO = NO;
				MTL_FAST_MATH = YES;
				SDKROOT = iphoneos;
				SWIFT_COMPILATION_MODE = wholemodule;
				SWIFT_OPTIMIZATION_LEVEL = "-O";
				VALIDATE_PRODUCT = YES;
			};
			name = Release;
		};
		785CCDB129A7348200137015 /* Debug */ = {
			isa = XCBuildConfiguration;
			buildSettings = {
				ASSETCATALOG_COMPILER_APPICON_NAME = AppIcon;
				ASSETCATALOG_COMPILER_GLOBAL_ACCENT_COLOR_NAME = AccentColor;
				CODE_SIGN_STYLE = Automatic;
				CURRENT_PROJECT_VERSION = 1;
				DEVELOPMENT_ASSET_PATHS = "\"async-http-client-example/Preview Content\"";
				DEVELOPMENT_TEAM = FZ42RW4USG;
				ENABLE_PREVIEWS = YES;
				GENERATE_INFOPLIST_FILE = YES;
				INFOPLIST_FILE = "async-http-client-example/Info.plist";
				INFOPLIST_KEY_UIApplicationSupportsIndirectInputEvents = YES;
				INFOPLIST_KEY_UILaunchScreen_Generation = YES;
				INFOPLIST_KEY_UISupportedInterfaceOrientations_iPad = "UIInterfaceOrientationPortrait UIInterfaceOrientationPortraitUpsideDown UIInterfaceOrientationLandscapeLeft UIInterfaceOrientationLandscapeRight";
				INFOPLIST_KEY_UISupportedInterfaceOrientations_iPhone = "UIInterfaceOrientationPortrait UIInterfaceOrientationLandscapeLeft UIInterfaceOrientationLandscapeRight";
				LD_RUNPATH_SEARCH_PATHS = (
					"$(inherited)",
					"@executable_path/Frameworks",
				);
				MARKETING_VERSION = 1.0;
				PRODUCT_BUNDLE_IDENTIFIER = "com.igorshell.async-http-client-example";
				PRODUCT_NAME = "$(TARGET_NAME)";
				SWIFT_EMIT_LOC_STRINGS = YES;
				SWIFT_VERSION = 5.0;
				TARGETED_DEVICE_FAMILY = "1,2";
			};
			name = Debug;
		};
		785CCDB229A7348200137015 /* Release */ = {
			isa = XCBuildConfiguration;
			buildSettings = {
				ASSETCATALOG_COMPILER_APPICON_NAME = AppIcon;
				ASSETCATALOG_COMPILER_GLOBAL_ACCENT_COLOR_NAME = AccentColor;
				CODE_SIGN_STYLE = Automatic;
				CURRENT_PROJECT_VERSION = 1;
				DEVELOPMENT_ASSET_PATHS = "\"async-http-client-example/Preview Content\"";
				DEVELOPMENT_TEAM = FZ42RW4USG;
				ENABLE_PREVIEWS = YES;
				GENERATE_INFOPLIST_FILE = YES;
				INFOPLIST_FILE = "async-http-client-example/Info.plist";
				INFOPLIST_KEY_UIApplicationSupportsIndirectInputEvents = YES;
				INFOPLIST_KEY_UILaunchScreen_Generation = YES;
				INFOPLIST_KEY_UISupportedInterfaceOrientations_iPad = "UIInterfaceOrientationPortrait UIInterfaceOrientationPortraitUpsideDown UIInterfaceOrientationLandscapeLeft UIInterfaceOrientationLandscapeRight";
				INFOPLIST_KEY_UISupportedInterfaceOrientations_iPhone = "UIInterfaceOrientationPortrait UIInterfaceOrientationLandscapeLeft UIInterfaceOrientationLandscapeRight";
				LD_RUNPATH_SEARCH_PATHS = (
					"$(inherited)",
					"@executable_path/Frameworks",
				);
				MARKETING_VERSION = 1.0;
				PRODUCT_BUNDLE_IDENTIFIER = "com.igorshell.async-http-client-example";
				PRODUCT_NAME = "$(TARGET_NAME)";
				SWIFT_EMIT_LOC_STRINGS = YES;
				SWIFT_VERSION = 5.0;
				TARGETED_DEVICE_FAMILY = "1,2";
			};
			name = Release;
		};
/* End XCBuildConfiguration section */

/* Begin XCConfigurationList section */
		785CCD9D29A7348200137015 /* Build configuration list for PBXProject "async-http-client-example" */ = {
			isa = XCConfigurationList;
			buildConfigurations = (
				785CCDAE29A7348200137015 /* Debug */,
				785CCDAF29A7348200137015 /* Release */,
			);
			defaultConfigurationIsVisible = 0;
			defaultConfigurationName = Release;
		};
		785CCDB029A7348200137015 /* Build configuration list for PBXNativeTarget "async-http-client-example" */ = {
			isa = XCConfigurationList;
			buildConfigurations = (
				785CCDB129A7348200137015 /* Debug */,
				785CCDB229A7348200137015 /* Release */,
			);
			defaultConfigurationIsVisible = 0;
			defaultConfigurationName = Release;
		};
/* End XCConfigurationList section */

/* Begin XCRemoteSwiftPackageReference section */
		785CCDB329A7350100137015 /* XCRemoteSwiftPackageReference "async-http-client" */ = {
			isa = XCRemoteSwiftPackageReference;
			repositoryURL = "https://github.com/The-Igor/async-http-client";
			requirement = {
				branch = main;
				kind = branch;
			};
		};
/* End XCRemoteSwiftPackageReference section */

/* Begin XCSwiftPackageProductDependency section */
		785CCDB429A7350100137015 /* async-http-client */ = {
			isa = XCSwiftPackageProductDependency;
			package = 785CCDB329A7350100137015 /* XCRemoteSwiftPackageReference "async-http-client" */;
			productName = "async-http-client";
		};
/* End XCSwiftPackageProductDependency section */
	};
	rootObject = 785CCD9A29A7348200137015 /* Project object */;
}
