{
  "pins" : [
    {
      "identity" : "async-http-client",
      "kind" : "remoteSourceControl",
      "location" : "https://github.com/The-Igor/async-http-client",
      "state" : {
        "branch" : "main",
        "revision" : "49140caa0d96214760094255a823f3e65d5b9046"
      }
    }
  ],
  "version" : 2
}
