{
  "pins" : [
    {
      "identity" : "async-http-client",
      "kind" : "remoteSourceControl",
      "location" : "https://github.com/The-Igor/async-http-client",
      "state" : {
        "branch" : "main",
        "revision" : "1b21a7f40faa9df0d1b4416ea230b9d4aecde3d3"
      }
    }
  ],
  "version" : 2
}
